// !$*UTF8*$!
{
	archiveVersion = 1;
	classes = {
	};
	objectVersion = 50;
	objects = {

/* Begin PBXBuildFile section */
		958905F925D3ED6D007A6D37 /* DistanceView.swift in Sources */ = {isa = PBXBuildFile; fileRef = 958905F825D3ED6D007A6D37 /* DistanceView.swift */; };
		958905FC25D3F20D007A6D37 /* MassView.swift in Sources */ = {isa = PBXBuildFile; fileRef = 958905FB25D3F20D007A6D37 /* MassView.swift */; };
		958905FF25D3F9A4007A6D37 /* TemperatureView.swift in Sources */ = {isa = PBXBuildFile; fileRef = 958905FE25D3F9A4007A6D37 /* TemperatureView.swift */; };
		95A7C90725D361DB006F7C70 /* VolumeView.swift in Sources */ = {isa = PBXBuildFile; fileRef = 95A7C90625D361DB006F7C70 /* VolumeView.swift */; };
		95F6DCCD25D32B1E008718E3 /* AppDelegate.swift in Sources */ = {isa = PBXBuildFile; fileRef = 95F6DCCC25D32B1E008718E3 /* AppDelegate.swift */; };
		95F6DCCF25D32B1E008718E3 /* SceneDelegate.swift in Sources */ = {isa = PBXBuildFile; fileRef = 95F6DCCE25D32B1E008718E3 /* SceneDelegate.swift */; };
		95F6DCD125D32B1E008718E3 /* ContentView.swift in Sources */ = {isa = PBXBuildFile; fileRef = 95F6DCD025D32B1E008718E3 /* ContentView.swift */; };
		95F6DCD325D32B1F008718E3 /* Assets.xcassets in Resources */ = {isa = PBXBuildFile; fileRef = 95F6DCD225D32B1F008718E3 /* Assets.xcassets */; };
		95F6DCD625D32B1F008718E3 /* Preview Assets.xcassets in Resources */ = {isa = PBXBuildFile; fileRef = 95F6DCD525D32B1F008718E3 /* Preview Assets.xcassets */; };
		95F6DCD925D32B1F008718E3 /* LaunchScreen.storyboard in Resources */ = {isa = PBXBuildFile; fileRef = 95F6DCD725D32B1F008718E3 /* LaunchScreen.storyboard */; };
/* End PBXBuildFile section */

/* Begin PBXFileReference section */
		958905F825D3ED6D007A6D37 /* DistanceView.swift */ = {isa = PBXFileReference; lastKnownFileType = sourcecode.swift; path = DistanceView.swift; sourceTree = "<group>"; };
		958905FB25D3F20D007A6D37 /* MassView.swift */ = {isa = PBXFileReference; lastKnownFileType = sourcecode.swift; path = MassView.swift; sourceTree = "<group>"; };
		958905FE25D3F9A4007A6D37 /* TemperatureView.swift */ = {isa = PBXFileReference; lastKnownFileType = sourcecode.swift; path = TemperatureView.swift; sourceTree = "<group>"; };
		95A7C90625D361DB006F7C70 /* VolumeView.swift */ = {isa = PBXFileReference; lastKnownFileType = sourcecode.swift; path = VolumeView.swift; sourceTree = "<group>"; };
		95F6DCC925D32B1E008718E3 /* Converter.app */ = {isa = PBXFileReference; explicitFileType = wrapper.application; includeInIndex = 0; path = Converter.app; sourceTree = BUILT_PRODUCTS_DIR; };
		95F6DCCC25D32B1E008718E3 /* AppDelegate.swift */ = {isa = PBXFileReference; lastKnownFileType = sourcecode.swift; path = AppDelegate.swift; sourceTree = "<group>"; };
		95F6DCCE25D32B1E008718E3 /* SceneDelegate.swift */ = {isa = PBXFileReference; lastKnownFileType = sourcecode.swift; path = SceneDelegate.swift; sourceTree = "<group>"; };
		95F6DCD025D32B1E008718E3 /* ContentView.swift */ = {isa = PBXFileReference; lastKnownFileType = sourcecode.swift; path = ContentView.swift; sourceTree = "<group>"; };
		95F6DCD225D32B1F008718E3 /* Assets.xcassets */ = {isa = PBXFileReference; lastKnownFileType = folder.assetcatalog; path = Assets.xcassets; sourceTree = "<group>"; };
		95F6DCD525D32B1F008718E3 /* Preview Assets.xcassets */ = {isa = PBXFileReference; lastKnownFileType = folder.assetcatalog; path = "Preview Assets.xcassets"; sourceTree = "<group>"; };
		95F6DCD825D32B1F008718E3 /* Base */ = {isa = PBXFileReference; lastKnownFileType = file.storyboard; name = Base; path = Base.lproj/LaunchScreen.storyboard; sourceTree = "<group>"; };
		95F6DCDA25D32B1F008718E3 /* Info.plist */ = {isa = PBXFileReference; lastKnownFileType = text.plist.xml; path = Info.plist; sourceTree = "<group>"; };
/* End PBXFileReference section */

/* Begin PBXFrameworksBuildPhase section */
		95F6DCC625D32B1E008718E3 /* Frameworks */ = {
			isa = PBXFrameworksBuildPhase;
			buildActionMask = 2147483647;
			files = (
			);
			runOnlyForDeploymentPostprocessing = 0;
		};
/* End PBXFrameworksBuildPhase section */

/* Begin PBXGroup section */
		95A7C90525D361A4006F7C70 /* Views */ = {
			isa = PBXGroup;
			children = (
				95A7C90625D361DB006F7C70 /* VolumeView.swift */,
				958905F825D3ED6D007A6D37 /* DistanceView.swift */,
				958905FB25D3F20D007A6D37 /* MassView.swift */,
			);
			path = Views;
			sourceTree = "<group>";
		};
		95F6DCC025D32B1E008718E3 = {
			isa = PBXGroup;
			children = (
				958905FE25D3F9A4007A6D37 /* TemperatureView.swift */,
				95F6DCCB25D32B1E008718E3 /* Converter */,
				95F6DCCA25D32B1E008718E3 /* Products */,
			);
			sourceTree = "<group>";
		};
		95F6DCCA25D32B1E008718E3 /* Products */ = {
			isa = PBXGroup;
			children = (
				95F6DCC925D32B1E008718E3 /* Converter.app */,
			);
			name = Products;
			sourceTree = "<group>";
		};
		95F6DCCB25D32B1E008718E3 /* Converter */ = {
			isa = PBXGroup;
			children = (
				95A7C90525D361A4006F7C70 /* Views */,
				95F6DCCC25D32B1E008718E3 /* AppDelegate.swift */,
				95F6DCCE25D32B1E008718E3 /* SceneDelegate.swift */,
				95F6DCD025D32B1E008718E3 /* ContentView.swift */,
				95F6DCD225D32B1F008718E3 /* Assets.xcassets */,
				95F6DCD725D32B1F008718E3 /* LaunchScreen.storyboard */,
				95F6DCDA25D32B1F008718E3 /* Info.plist */,
				95F6DCD425D32B1F008718E3 /* Preview Content */,
			);
			path = Converter;
			sourceTree = "<group>";
		};
		95F6DCD425D32B1F008718E3 /* Preview Content */ = {
			isa = PBXGroup;
			children = (
				95F6DCD525D32B1F008718E3 /* Preview Assets.xcassets */,
			);
			path = "Preview Content";
			sourceTree = "<group>";
		};
/* End PBXGroup section */

/* Begin PBXNativeTarget section */
		95F6DCC825D32B1E008718E3 /* Converter */ = {
			isa = PBXNativeTarget;
			buildConfigurationList = 95F6DCDD25D32B1F008718E3 /* Build configuration list for PBXNativeTarget "Converter" */;
			buildPhases = (
				95F6DCC525D32B1E008718E3 /* Sources */,
				95F6DCC625D32B1E008718E3 /* Frameworks */,
				95F6DCC725D32B1E008718E3 /* Resources */,
			);
			buildRules = (
			);
			dependencies = (
			);
			name = Converter;
			productName = Converter;
			productReference = 95F6DCC925D32B1E008718E3 /* Converter.app */;
			productType = "com.apple.product-type.application";
		};
/* End PBXNativeTarget section */

/* Begin PBXProject section */
		95F6DCC125D32B1E008718E3 /* Project object */ = {
			isa = PBXProject;
			attributes = {
				LastSwiftUpdateCheck = 1230;
				LastUpgradeCheck = 1230;
				TargetAttributes = {
					95F6DCC825D32B1E008718E3 = {
						CreatedOnToolsVersion = 12.3;
					};
				};
			};
			buildConfigurationList = 95F6DCC425D32B1E008718E3 /* Build configuration list for PBXProject "Converter" */;
			compatibilityVersion = "Xcode 9.3";
			developmentRegion = en;
			hasScannedForEncodings = 0;
			knownRegions = (
				en,
				Base,
			);
			mainGroup = 95F6DCC025D32B1E008718E3;
			productRefGroup = 95F6DCCA25D32B1E008718E3 /* Products */;
			projectDirPath = "";
			projectRoot = "";
			targets = (
				95F6DCC825D32B1E008718E3 /* Converter */,
			);
		};
/* End PBXProject section */

/* Begin PBXResourcesBuildPhase section */
		95F6DCC725D32B1E008718E3 /* Resources */ = {
			isa = PBXResourcesBuildPhase;
			buildActionMask = 2147483647;
			files = (
				95F6DCD925D32B1F008718E3 /* LaunchScreen.storyboard in Resources */,
				95F6DCD625D32B1F008718E3 /* Preview Assets.xcassets in Resources */,
				95F6DCD325D32B1F008718E3 /* Assets.xcassets in Resources */,
			);
			runOnlyForDeploymentPostprocessing = 0;
		};
/* End PBXResourcesBuildPhase section */

/* Begin PBXSourcesBuildPhase section */
		95F6DCC525D32B1E008718E3 /* Sources */ = {
			isa = PBXSourcesBuildPhase;
			buildActionMask = 2147483647;
			files = (
				95F6DCCD25D32B1E008718E3 /* AppDelegate.swift in Sources */,
				958905F925D3ED6D007A6D37 /* DistanceView.swift in Sources */,
				958905FC25D3F20D007A6D37 /* MassView.swift in Sources */,
				95F6DCCF25D32B1E008718E3 /* SceneDelegate.swift in Sources */,
				95A7C90725D361DB006F7C70 /* VolumeView.swift in Sources */,
				958905FF25D3F9A4007A6D37 /* TemperatureView.swift in Sources */,
				95F6DCD125D32B1E008718E3 /* ContentView.swift in Sources */,
			);
			runOnlyForDeploymentPostprocessing = 0;
		};
/* End PBXSourcesBuildPhase section */

/* Begin PBXVariantGroup section */
		95F6DCD725D32B1F008718E3 /* LaunchScreen.storyboard */ = {
			isa = PBXVariantGroup;
			children = (
				95F6DCD825D32B1F008718E3 /* Base */,
			);
			name = LaunchScreen.storyboard;
			sourceTree = "<group>";
		};
/* End PBXVariantGroup section */

/* Begin XCBuildConfiguration section */
		95F6DCDB25D32B1F008718E3 /* Debug */ = {
			isa = XCBuildConfiguration;
			buildSettings = {
				ALWAYS_SEARCH_USER_PATHS = NO;
				CLANG_ANALYZER_NONNULL = YES;
				CLANG_ANALYZER_NUMBER_OBJECT_CONVERSION = YES_AGGRESSIVE;
				CLANG_CXX_LANGUAGE_STANDARD = "gnu++14";
				CLANG_CXX_LIBRARY = "libc++";
				CLANG_ENABLE_MODULES = YES;
				CLANG_ENABLE_OBJC_ARC = YES;
				CLANG_ENABLE_OBJC_WEAK = YES;
				CLANG_WARN_BLOCK_CAPTURE_AUTORELEASING = YES;
				CLANG_WARN_BOOL_CONVERSION = YES;
				CLANG_WARN_COMMA = YES;
				CLANG_WARN_CONSTANT_CONVERSION = YES;
				CLANG_WARN_DEPRECATED_OBJC_IMPLEMENTATIONS = YES;
				CLANG_WARN_DIRECT_OBJC_ISA_USAGE = YES_ERROR;
				CLANG_WARN_DOCUMENTATION_COMMENTS = YES;
				CLANG_WARN_EMPTY_BODY = YES;
				CLANG_WARN_ENUM_CONVERSION = YES;
				CLANG_WARN_INFINITE_RECURSION = YES;
				CLANG_WARN_INT_CONVERSION = YES;
				CLANG_WARN_NON_LITERAL_NULL_CONVERSION = YES;
				CLANG_WARN_OBJC_IMPLICIT_RETAIN_SELF = YES;
				CLANG_WARN_OBJC_LITERAL_CONVERSION = YES;
				CLANG_WARN_OBJC_ROOT_CLASS = YES_ERROR;
				CLANG_WARN_QUOTED_INCLUDE_IN_FRAMEWORK_HEADER = YES;
				CLANG_WARN_RANGE_LOOP_ANALYSIS = YES;
				CLANG_WARN_STRICT_PROTOTYPES = YES;
				CLANG_WARN_SUSPICIOUS_MOVE = YES;
				CLANG_WARN_UNGUARDED_AVAILABILITY = YES_AGGRESSIVE;
				CLANG_WARN_UNREACHABLE_CODE = YES;
				CLANG_WARN__DUPLICATE_METHOD_MATCH = YES;
				COPY_PHASE_STRIP = NO;
				DEBUG_INFORMATION_FORMAT = dwarf;
				ENABLE_STRICT_OBJC_MSGSEND = YES;
				ENABLE_TESTABILITY = YES;
				GCC_C_LANGUAGE_STANDARD = gnu11;
				GCC_DYNAMIC_NO_PIC = NO;
				GCC_NO_COMMON_BLOCKS = YES;
				GCC_OPTIMIZATION_LEVEL = 0;
				GCC_PREPROCESSOR_DEFINITIONS = (
					"DEBUG=1",
					"$(inherited)",
				);
				GCC_WARN_64_TO_32_BIT_CONVERSION = YES;
				GCC_WARN_ABOUT_RETURN_TYPE = YES_ERROR;
				GCC_WARN_UNDECLARED_SELECTOR = YES;
				GCC_WARN_UNINITIALIZED_AUTOS = YES_AGGRESSIVE;
				GCC_WARN_UNUSED_FUNCTION = YES;
				GCC_WARN_UNUSED_VARIABLE = YES;
				IPHONEOS_DEPLOYMENT_TARGET = 14.3;
				MTL_ENABLE_DEBUG_INFO = INCLUDE_SOURCE;
				MTL_FAST_MATH = YES;
				ONLY_ACTIVE_ARCH = YES;
				SDKROOT = iphoneos;
				SWIFT_ACTIVE_COMPILATION_CONDITIONS = DEBUG;
				SWIFT_OPTIMIZATION_LEVEL = "-Onone";
			};
			name = Debug;
		};
		95F6DCDC25D32B1F008718E3 /* Release */ = {
			isa = XCBuildConfiguration;
			buildSettings = {
				ALWAYS_SEARCH_USER_PATHS = NO;
				CLANG_ANALYZER_NONNULL = YES;
				CLANG_ANALYZER_NUMBER_OBJECT_CONVERSION = YES_AGGRESSIVE;
				CLANG_CXX_LANGUAGE_STANDARD = "gnu++14";
				CLANG_CXX_LIBRARY = "libc++";
				CLANG_ENABLE_MODULES = YES;
				CLANG_ENABLE_OBJC_ARC = YES;
				CLANG_ENABLE_OBJC_WEAK = YES;
				CLANG_WARN_BLOCK_CAPTURE_AUTORELEASING = YES;
				CLANG_WARN_BOOL_CONVERSION = YES;
				CLANG_WARN_COMMA = YES;
				CLANG_WARN_CONSTANT_CONVERSION = YES;
				CLANG_WARN_DEPRECATED_OBJC_IMPLEMENTATIONS = YES;
				CLANG_WARN_DIRECT_OBJC_ISA_USAGE = YES_ERROR;
				CLANG_WARN_DOCUMENTATION_COMMENTS = YES;
				CLANG_WARN_EMPTY_BODY = YES;
				CLANG_WARN_ENUM_CONVERSION = YES;
				CLANG_WARN_INFINITE_RECURSION = YES;
				CLANG_WARN_INT_CONVERSION = YES;
				CLANG_WARN_NON_LITERAL_NULL_CONVERSION = YES;
				CLANG_WARN_OBJC_IMPLICIT_RETAIN_SELF = YES;
				CLANG_WARN_OBJC_LITERAL_CONVERSION = YES;
				CLANG_WARN_OBJC_ROOT_CLASS = YES_ERROR;
				CLANG_WARN_QUOTED_INCLUDE_IN_FRAMEWORK_HEADER = YES;
				CLANG_WARN_RANGE_LOOP_ANALYSIS = YES;
				CLANG_WARN_STRICT_PROTOTYPES = YES;
				CLANG_WARN_SUSPICIOUS_MOVE = YES;
				CLANG_WARN_UNGUARDED_AVAILABILITY = YES_AGGRESSIVE;
				CLANG_WARN_UNREACHABLE_CODE = YES;
				CLANG_WARN__DUPLICATE_METHOD_MATCH = YES;
				COPY_PHASE_STRIP = NO;
				DEBUG_INFORMATION_FORMAT = "dwarf-with-dsym";
				ENABLE_NS_ASSERTIONS = NO;
				ENABLE_STRICT_OBJC_MSGSEND = YES;
				GCC_C_LANGUAGE_STANDARD = gnu11;
				GCC_NO_COMMON_BLOCKS = YES;
				GCC_WARN_64_TO_32_BIT_CONVERSION = YES;
				GCC_WARN_ABOUT_RETURN_TYPE = YES_ERROR;
				GCC_WARN_UNDECLARED_SELECTOR = YES;
				GCC_WARN_UNINITIALIZED_AUTOS = YES_AGGRESSIVE;
				GCC_WARN_UNUSED_FUNCTION = YES;
				GCC_WARN_UNUSED_VARIABLE = YES;
				IPHONEOS_DEPLOYMENT_TARGET = 14.3;
				MTL_ENABLE_DEBUG_INFO = NO;
				MTL_FAST_MATH = YES;
				SDKROOT = iphoneos;
				SWIFT_COMPILATION_MODE = wholemodule;
				SWIFT_OPTIMIZATION_LEVEL = "-O";
				VALIDATE_PRODUCT = YES;
			};
			name = Release;
		};
		95F6DCDE25D32B1F008718E3 /* Debug */ = {
			isa = XCBuildConfiguration;
			buildSettings = {
				ASSETCATALOG_COMPILER_APPICON_NAME = AppIcon;
				ASSETCATALOG_COMPILER_GLOBAL_ACCENT_COLOR_NAME = AccentColor;
				CODE_SIGN_STYLE = Automatic;
				DEVELOPMENT_ASSET_PATHS = "\"Converter/Preview Content\"";
				DEVELOPMENT_TEAM = VAFTDHZ6TQ;
				ENABLE_PREVIEWS = YES;
				INFOPLIST_FILE = Converter/Info.plist;
				LD_RUNPATH_SEARCH_PATHS = (
					"$(inherited)",
					"@executable_path/Frameworks",
				);
				PRODUCT_BUNDLE_IDENTIFIER = com.hichamgamany.Converter;
				PRODUCT_NAME = "$(TARGET_NAME)";
				SWIFT_VERSION = 5.0;
				TARGETED_DEVICE_FAMILY = "1,2";
			};
			name = Debug;
		};
		95F6DCDF25D32B1F008718E3 /* Release */ = {
			isa = XCBuildConfiguration;
			buildSettings = {
				ASSETCATALOG_COMPILER_APPICON_NAME = AppIcon;
				ASSETCATALOG_COMPILER_GLOBAL_ACCENT_COLOR_NAME = AccentColor;
				CODE_SIGN_STYLE = Automatic;
				DEVELOPMENT_ASSET_PATHS = "\"Converter/Preview Content\"";
				DEVELOPMENT_TEAM = VAFTDHZ6TQ;
				ENABLE_PREVIEWS = YES;
				INFOPLIST_FILE = Converter/Info.plist;
				LD_RUNPATH_SEARCH_PATHS = (
					"$(inherited)",
					"@executable_path/Frameworks",
				);
				PRODUCT_BUNDLE_IDENTIFIER = com.hichamgamany.Converter;
				PRODUCT_NAME = "$(TARGET_NAME)";
				SWIFT_VERSION = 5.0;
				TARGETED_DEVICE_FAMILY = "1,2";
			};
			name = Release;
		};
/* End XCBuildConfiguration section */

/* Begin XCConfigurationList section */
		95F6DCC425D32B1E008718E3 /* Build configuration list for PBXProject "Converter" */ = {
			isa = XCConfigurationList;
			buildConfigurations = (
				95F6DCDB25D32B1F008718E3 /* Debug */,
				95F6DCDC25D32B1F008718E3 /* Release */,
			);
			defaultConfigurationIsVisible = 0;
			defaultConfigurationName = Release;
		};
		95F6DCDD25D32B1F008718E3 /* Build configuration list for PBXNativeTarget "Converter" */ = {
			isa = XCConfigurationList;
			buildConfigurations = (
				95F6DCDE25D32B1F008718E3 /* Debug */,
				95F6DCDF25D32B1F008718E3 /* Release */,
			);
			defaultConfigurationIsVisible = 0;
			defaultConfigurationName = Release;
		};
/* End XCConfigurationList section */
	};
	rootObject = 95F6DCC125D32B1E008718E3 /* Project object */;
}
